
Microsoft Visual Studio Solution File, Format Version 12.00
# Visual Studio Version 17
VisualStudioVersion = 17.5.33424.131
MinimumVisualStudioVersion = 10.0.40219.1
Project("{FAE04EC0-301F-11D3-BF4B-00C04F79EFBC}") = "MISAEL.ArqLimpia.EN", "MISAEL.ArqLimpia.EN\MISAEL.ArqLimpia.EN.csproj", "{112AFDA5-39B2-4822-8439-283E4471CF39}"
EndProject
Project("{2150E333-8FDC-42A3-9474-1A3956D46DE8}") = "Application Business Rules", "Application Business Rules", "{8E200654-7994-47AA-8968-55A382C120F5}"
EndProject
Project("{2150E333-8FDC-42A3-9474-1A3956D46DE8}") = "Enterprise Business Rules", "Enterprise Business Rules", "{062E2C24-FB17-4C32-871B-08A02B76DA21}"
EndProject
Project("{2150E333-8FDC-42A3-9474-1A3956D46DE8}") = "FrameworksDrivers", "FrameworksDrivers", "{C9BCAE8E-D85A-4BB9-B5FB-88D17829F79F}"
EndProject
Project("{2150E333-8FDC-42A3-9474-1A3956D46DE8}") = "Interface Adapter", "Interface Adapter", "{C2C8A049-2B90-461F-90C2-4B0FF90D9EB0}"
EndProject
Project("{FAE04EC0-301F-11D3-BF4B-00C04F79EFBC}") = "MISAEL.ArqLimpia.EN.Interfaces", "MISAEL.ArqLimpia.EN.Interfaces\MISAEL.ArqLimpia.EN.Interfaces.csproj", "{9F38FC6E-9751-4D9D-9348-6D78AB42FAD1}"
EndProject
Project("{FAE04EC0-301F-11D3-BF4B-00C04F79EFBC}") = "MISAEL.ArqLimpia.BL", "MISAEL.ArqLimpia.BL\MISAEL.ArqLimpia.BL.csproj", "{76151430-4423-4B39-AFDD-10668A1D0ABC}"
EndProject
Project("{FAE04EC0-301F-11D3-BF4B-00C04F79EFBC}") = "MISAEL.ArqLimpia.BL.DTOs", "MISAEL.ArqLimpia.BL.DTOs\MISAEL.ArqLimpia.BL.DTOs.csproj", "{78D730AE-71C5-4AB9-9D08-236C35E35D97}"
EndProject
Project("{FAE04EC0-301F-11D3-BF4B-00C04F79EFBC}") = "MISAEL.ArqLimpia.BL.Interfaces", "MISAEL.ArqLimpia.BL.Interfaces\MISAEL.ArqLimpia.BL.Interfaces.csproj", "{BA523020-80A0-4BA7-B431-D517DEA5ED41}"
EndProject
Project("{FAE04EC0-301F-11D3-BF4B-00C04F79EFBC}") = "MISAEL.ArqLimpia.DAL", "MISAEL.ArqLimpia.DAL\MISAEL.ArqLimpia.DAL.csproj", "{F2E146F2-D6D5-49EF-A689-84FF554778AD}"
EndProject
Project("{FAE04EC0-301F-11D3-BF4B-00C04F79EFBC}") = "MISAEL.ArqLimpia.IoC", "MISAEL.ArqLimpia.IoC\MISAEL.ArqLimpia.IoC.csproj", "{6835FADA-DB1D-413A-8AC7-785233FDEDAC}"
EndProject
Project("{FAE04EC0-301F-11D3-BF4B-00C04F79EFBC}") = "MISAEL.ArqLimpia.API", "MISAEL.ArqLimpia.API\MISAEL.ArqLimpia.API.csproj", "{B65F4D90-664E-4DCF-975C-0878624919C3}"
EndProject
Global
	GlobalSection(SolutionConfigurationPlatforms) = preSolution
		Debug|Any CPU = Debug|Any CPU
		Release|Any CPU = Release|Any CPU
	EndGlobalSection
	GlobalSection(ProjectConfigurationPlatforms) = postSolution
		{112AFDA5-39B2-4822-8439-283E4471CF39}.Debug|Any CPU.ActiveCfg = Debug|Any CPU
		{112AFDA5-39B2-4822-8439-283E4471CF39}.Debug|Any CPU.Build.0 = Debug|Any CPU
		{112AFDA5-39B2-4822-8439-283E4471CF39}.Release|Any CPU.ActiveCfg = Release|Any CPU
		{112AFDA5-39B2-4822-8439-283E4471CF39}.Release|Any CPU.Build.0 = Release|Any CPU
		{9F38FC6E-9751-4D9D-9348-6D78AB42FAD1}.Debug|Any CPU.ActiveCfg = Debug|Any CPU
		{9F38FC6E-9751-4D9D-9348-6D78AB42FAD1}.Debug|Any CPU.Build.0 = Debug|Any CPU
		{9F38FC6E-9751-4D9D-9348-6D78AB42FAD1}.Release|Any CPU.ActiveCfg = Release|Any CPU
		{9F38FC6E-9751-4D9D-9348-6D78AB42FAD1}.Release|Any CPU.Build.0 = Release|Any CPU
		{76151430-4423-4B39-AFDD-10668A1D0ABC}.Debug|Any CPU.ActiveCfg = Debug|Any CPU
		{76151430-4423-4B39-AFDD-10668A1D0ABC}.Debug|Any CPU.Build.0 = Debug|Any CPU
		{76151430-4423-4B39-AFDD-10668A1D0ABC}.Release|Any CPU.ActiveCfg = Release|Any CPU
		{76151430-4423-4B39-AFDD-10668A1D0ABC}.Release|Any CPU.Build.0 = Release|Any CPU
		{78D730AE-71C5-4AB9-9D08-236C35E35D97}.Debug|Any CPU.ActiveCfg = Debug|Any CPU
		{78D730AE-71C5-4AB9-9D08-236C35E35D97}.Debug|Any CPU.Build.0 = Debug|Any CPU
		{78D730AE-71C5-4AB9-9D08-236C35E35D97}.Release|Any CPU.ActiveCfg = Release|Any CPU
		{78D730AE-71C5-4AB9-9D08-236C35E35D97}.Release|Any CPU.Build.0 = Release|Any CPU
		{BA523020-80A0-4BA7-B431-D517DEA5ED41}.Debug|Any CPU.ActiveCfg = Debug|Any CPU
		{BA523020-80A0-4BA7-B431-D517DEA5ED41}.Debug|Any CPU.Build.0 = Debug|Any CPU
		{BA523020-80A0-4BA7-B431-D517DEA5ED41}.Release|Any CPU.ActiveCfg = Release|Any CPU
		{BA523020-80A0-4BA7-B431-D517DEA5ED41}.Release|Any CPU.Build.0 = Release|Any CPU
		{F2E146F2-D6D5-49EF-A689-84FF554778AD}.Debug|Any CPU.ActiveCfg = Debug|Any CPU
		{F2E146F2-D6D5-49EF-A689-84FF554778AD}.Debug|Any CPU.Build.0 = Debug|Any CPU
		{F2E146F2-D6D5-49EF-A689-84FF554778AD}.Release|Any CPU.ActiveCfg = Release|Any CPU
		{F2E146F2-D6D5-49EF-A689-84FF554778AD}.Release|Any CPU.Build.0 = Release|Any CPU
		{6835FADA-DB1D-413A-8AC7-785233FDEDAC}.Debug|Any CPU.ActiveCfg = Debug|Any CPU
		{6835FADA-DB1D-413A-8AC7-785233FDEDAC}.Debug|Any CPU.Build.0 = Debug|Any CPU
		{6835FADA-DB1D-413A-8AC7-785233FDEDAC}.Release|Any CPU.ActiveCfg = Release|Any CPU
		{6835FADA-DB1D-413A-8AC7-785233FDEDAC}.Release|Any CPU.Build.0 = Release|Any CPU
		{B65F4D90-664E-4DCF-975C-0878624919C3}.Debug|Any CPU.ActiveCfg = Debug|Any CPU
		{B65F4D90-664E-4DCF-975C-0878624919C3}.Debug|Any CPU.Build.0 = Debug|Any CPU
		{B65F4D90-664E-4DCF-975C-0878624919C3}.Release|Any CPU.ActiveCfg = Release|Any CPU
		{B65F4D90-664E-4DCF-975C-0878624919C3}.Release|Any CPU.Build.0 = Release|Any CPU
	EndGlobalSection
	GlobalSection(SolutionProperties) = preSolution
		HideSolutionNode = FALSE
	EndGlobalSection
	GlobalSection(NestedProjects) = preSolution
		{112AFDA5-39B2-4822-8439-283E4471CF39} = {062E2C24-FB17-4C32-871B-08A02B76DA21}
		{9F38FC6E-9751-4D9D-9348-6D78AB42FAD1} = {062E2C24-FB17-4C32-871B-08A02B76DA21}
		{76151430-4423-4B39-AFDD-10668A1D0ABC} = {8E200654-7994-47AA-8968-55A382C120F5}
		{78D730AE-71C5-4AB9-9D08-236C35E35D97} = {8E200654-7994-47AA-8968-55A382C120F5}
		{BA523020-80A0-4BA7-B431-D517DEA5ED41} = {8E200654-7994-47AA-8968-55A382C120F5}
		{F2E146F2-D6D5-49EF-A689-84FF554778AD} = {C2C8A049-2B90-461F-90C2-4B0FF90D9EB0}
		{6835FADA-DB1D-413A-8AC7-785233FDEDAC} = {C2C8A049-2B90-461F-90C2-4B0FF90D9EB0}
		{B65F4D90-664E-4DCF-975C-0878624919C3} = {C9BCAE8E-D85A-4BB9-B5FB-88D17829F79F}
	EndGlobalSection
	GlobalSection(ExtensibilityGlobals) = postSolution
		SolutionGuid = {D472A896-D5D0-47AF-A204-D7583981D91D}
	EndGlobalSection
EndGlobal
